
Microsoft Visual Studio Solution File, Format Version 12.00
# Visual Studio 14
VisualStudioVersion = 14.0.25420.1
MinimumVisualStudioVersion = 10.0.40219.1
Project("{8BC9CEB8-8B4A-11D0-8D11-00A0C91BC942}") = "Project2", "Project2\Project2.vcxproj", "{84C7A101-02AD-4292-AACF-C1226389AE09}"
EndProject
Project("{8BC9CEB8-8B4A-11D0-8D11-00A0C91BC942}") = "Myvector", "..\Myvector\Myvector\Myvector.vcxproj", "{213F00FE-429C-45B1-8621-CF7B8C0353C1}"
EndProject
Project("{8BC9CEB8-8B4A-11D0-8D11-00A0C91BC942}") = "Game-Hit_plane", "Game-Hit_plane\Game-Hit_plane.vcxproj", "{B12702AD-ABFB-343A-A199-8E24837244A3}"
EndProject
Project("{8BC9CEB8-8B4A-11D0-8D11-00A0C91BC942}") = "Game_HitPlane_Console", "Game_HitPlane_Console\Game_HitPlane_Console.vcxproj", "{A50EF915-2D30-4B31-AAFC-5D2AD8272630}"
EndProject
Global
	GlobalSection(SolutionConfigurationPlatforms) = preSolution
		Debug|x64 = Debug|x64
		Debug|x86 = Debug|x86
		Release|x64 = Release|x64
		Release|x86 = Release|x86
	EndGlobalSection
	GlobalSection(ProjectConfigurationPlatforms) = postSolution
		{84C7A101-02AD-4292-AACF-C1226389AE09}.Debug|x64.ActiveCfg = Debug|x64
		{84C7A101-02AD-4292-AACF-C1226389AE09}.Debug|x64.Build.0 = Debug|x64
		{84C7A101-02AD-4292-AACF-C1226389AE09}.Debug|x86.ActiveCfg = Debug|Win32
		{84C7A101-02AD-4292-AACF-C1226389AE09}.Debug|x86.Build.0 = Debug|Win32
		{84C7A101-02AD-4292-AACF-C1226389AE09}.Release|x64.ActiveCfg = Release|x64
		{84C7A101-02AD-4292-AACF-C1226389AE09}.Release|x64.Build.0 = Release|x64
		{84C7A101-02AD-4292-AACF-C1226389AE09}.Release|x86.ActiveCfg = Release|Win32
		{84C7A101-02AD-4292-AACF-C1226389AE09}.Release|x86.Build.0 = Release|Win32
		{213F00FE-429C-45B1-8621-CF7B8C0353C1}.Debug|x64.ActiveCfg = Debug|x64
		{213F00FE-429C-45B1-8621-CF7B8C0353C1}.Debug|x64.Build.0 = Debug|x64
		{213F00FE-429C-45B1-8621-CF7B8C0353C1}.Debug|x86.ActiveCfg = Debug|Win32
		{213F00FE-429C-45B1-8621-CF7B8C0353C1}.Debug|x86.Build.0 = Debug|Win32
		{213F00FE-429C-45B1-8621-CF7B8C0353C1}.Release|x64.ActiveCfg = Release|x64
		{213F00FE-429C-45B1-8621-CF7B8C0353C1}.Release|x64.Build.0 = Release|x64
		{213F00FE-429C-45B1-8621-CF7B8C0353C1}.Release|x86.ActiveCfg = Release|Win32
		{213F00FE-429C-45B1-8621-CF7B8C0353C1}.Release|x86.Build.0 = Release|Win32
		{B12702AD-ABFB-343A-A199-8E24837244A3}.Debug|x64.ActiveCfg = Debug|x64
		{B12702AD-ABFB-343A-A199-8E24837244A3}.Debug|x64.Build.0 = Debug|x64
		{B12702AD-ABFB-343A-A199-8E24837244A3}.Debug|x86.ActiveCfg = Debug|x64
		{B12702AD-ABFB-343A-A199-8E24837244A3}.Release|x64.ActiveCfg = Release|x64
		{B12702AD-ABFB-343A-A199-8E24837244A3}.Release|x64.Build.0 = Release|x64
		{B12702AD-ABFB-343A-A199-8E24837244A3}.Release|x86.ActiveCfg = Release|x64
		{A50EF915-2D30-4B31-AAFC-5D2AD8272630}.Debug|x64.ActiveCfg = Debug|x64
		{A50EF915-2D30-4B31-AAFC-5D2AD8272630}.Debug|x64.Build.0 = Debug|x64
		{A50EF915-2D30-4B31-AAFC-5D2AD8272630}.Debug|x86.ActiveCfg = Debug|Win32
		{A50EF915-2D30-4B31-AAFC-5D2AD8272630}.Debug|x86.Build.0 = Debug|Win32
		{A50EF915-2D30-4B31-AAFC-5D2AD8272630}.Release|x64.ActiveCfg = Release|x64
		{A50EF915-2D30-4B31-AAFC-5D2AD8272630}.Release|x64.Build.0 = Release|x64
		{A50EF915-2D30-4B31-AAFC-5D2AD8272630}.Release|x86.ActiveCfg = Release|Win32
		{A50EF915-2D30-4B31-AAFC-5D2AD8272630}.Release|x86.Build.0 = Release|Win32
	EndGlobalSection
	GlobalSection(SolutionProperties) = preSolution
		HideSolutionNode = FALSE
	EndGlobalSection
EndGlobal
